{
    "_readme": [
        "This file locks the dependencies of your project to a known state",
        "Read more about it at https://getcomposer.org/doc/01-basic-usage.md#installing-dependencies",
        "This file is @generated automatically"
    ],
    "content-hash": "2b7c4cea6425a2eb3283e5beda345381",
    "packages": [
        {
            "name": "art4/requests-psr18-adapter",
            "version": "1.1.0",
            "source": {
                "type": "git",
                "url": "https://github.com/Art4/WP-Requests-PSR18-Adapter.git",
                "reference": "a9774a893cf053e31316ecfcda691a9583b5175a"
            },
            "dist": {
                "type": "zip",
                "url": "https://api.github.com/repos/Art4/WP-Requests-PSR18-Adapter/zipball/a9774a893cf053e31316ecfcda691a9583b5175a",
                "reference": "a9774a893cf053e31316ecfcda691a9583b5175a",
                "shasum": ""
            },
            "require": {
                "php": "^7.2 || ~8.0.0 || ~8.1.0 || ~8.2.0",
                "psr/http-client": "^1.0",
                "psr/http-factory": "^1.0",
                "psr/http-message": "^1.1 || ^2.0",
                "rmccue/requests": "^1.8 || ^2.0"
            },
            "provide": {
                "psr/http-client-implementation": "^1.0"
            },
            "require-dev": {
                "friendsofphp/php-cs-fixer": "^3.0",
                "phpstan/phpstan": "^1.10",
                "phpunit/phpunit": "^8 || ^9 || ^10",
                "yoast/phpunit-polyfills": "^2"
            },
            "type": "library",
            "autoload": {
                "files": [
                    "v1-compat/autoload.php"
                ],
                "psr-4": {
                    "Art4\\Requests\\": "src"
                }
            },
            "notification-url": "https://packagist.org/downloads/",
            "license": [
                "GPL-3.0-or-later"
            ],
            "authors": [
                {
                    "name": "Art4",
                    "email": "art4@wlabs.de",
                    "homepage": "https://wlabs.de"
                }
            ],
            "description": "Use WordPress/Requests as a PSR-18 HTTP client",
            "homepage": "https://github.com/Art4/WP-Requests-PSR18-Adapter",
            "keywords": [
                "http",
                "http-client",
                "http-message",
                "psr",
                "psr-18",
                "psr-7",
                "request",
                "requests",
                "response",
                "wordpress"
            ],
            "support": {
                "issues": "https://github.com/Art4/WP-Requests-PSR18-Adapter/issues",
                "source": "https://github.com/Art4/WP-Requests-PSR18-Adapter/tree/1.1.0"
            },
            "time": "2023-08-31T12:07:49+00:00"
        },
        {
            "name": "psr/http-client",
            "version": "1.0.3",
            "source": {
                "type": "git",
                "url": "https://github.com/php-fig/http-client.git",
                "reference": "bb5906edc1c324c9a05aa0873d40117941e5fa90"
            },
            "dist": {
                "type": "zip",
                "url": "https://api.github.com/repos/php-fig/http-client/zipball/bb5906edc1c324c9a05aa0873d40117941e5fa90",
                "reference": "bb5906edc1c324c9a05aa0873d40117941e5fa90",
                "shasum": ""
            },
            "require": {
                "php": "^7.0 || ^8.0",
                "psr/http-message": "^1.0 || ^2.0"
            },
            "type": "library",
            "extra": {
                "branch-alias": {
                    "dev-master": "1.0.x-dev"
                }
            },
            "autoload": {
                "psr-4": {
                    "Psr\\Http\\Client\\": "src/"
                }
            },
            "notification-url": "https://packagist.org/downloads/",
            "license": [
                "MIT"
            ],
            "authors": [
                {
                    "name": "PHP-FIG",
                    "homepage": "https://www.php-fig.org/"
                }
            ],
            "description": "Common interface for HTTP clients",
            "homepage": "https://github.com/php-fig/http-client",
            "keywords": [
                "http",
                "http-client",
                "psr",
                "psr-18"
            ],
            "support": {
                "source": "https://github.com/php-fig/http-client"
            },
            "time": "2023-09-23T14:17:50+00:00"
        },
        {
            "name": "psr/http-factory",
            "version": "1.0.2",
            "source": {
                "type": "git",
                "url": "https://github.com/php-fig/http-factory.git",
                "reference": "e616d01114759c4c489f93b099585439f795fe35"
            },
            "dist": {
                "type": "zip",
                "url": "https://api.github.com/repos/php-fig/http-factory/zipball/e616d01114759c4c489f93b099585439f795fe35",
                "reference": "e616d01114759c4c489f93b099585439f795fe35",
                "shasum": ""
            },
            "require": {
                "php": ">=7.0.0",
                "psr/http-message": "^1.0 || ^2.0"
            },
            "type": "library",
            "extra": {
                "branch-alias": {
                    "dev-master": "1.0.x-dev"
                }
            },
            "autoload": {
                "psr-4": {
                    "Psr\\Http\\Message\\": "src/"
                }
            },
            "notification-url": "https://packagist.org/downloads/",
            "license": [
                "MIT"
            ],
            "authors": [
                {
                    "name": "PHP-FIG",
                    "homepage": "https://www.php-fig.org/"
                }
            ],
            "description": "Common interfaces for PSR-7 HTTP message factories",
            "keywords": [
                "factory",
                "http",
                "message",
                "psr",
                "psr-17",
                "psr-7",
                "request",
                "response"
            ],
            "support": {
                "source": "https://github.com/php-fig/http-factory/tree/1.0.2"
            },
            "time": "2023-04-10T20:10:41+00:00"
        },
        {
            "name": "psr/http-message",
            "version": "2.0",
            "source": {
                "type": "git",
                "url": "https://github.com/php-fig/http-message.git",
                "reference": "402d35bcb92c70c026d1a6a9883f06b2ead23d71"
            },
            "dist": {
                "type": "zip",
                "url": "https://api.github.com/repos/php-fig/http-message/zipball/402d35bcb92c70c026d1a6a9883f06b2ead23d71",
                "reference": "402d35bcb92c70c026d1a6a9883f06b2ead23d71",
                "shasum": ""
            },
            "require": {
                "php": "^7.2 || ^8.0"
            },
            "type": "library",
            "extra": {
                "branch-alias": {
                    "dev-master": "2.0.x-dev"
                }
            },
            "autoload": {
                "psr-4": {
                    "Psr\\Http\\Message\\": "src/"
                }
            },
            "notification-url": "https://packagist.org/downloads/",
            "license": [
                "MIT"
            ],
            "authors": [
                {
                    "name": "PHP-FIG",
                    "homepage": "https://www.php-fig.org/"
                }
            ],
            "description": "Common interface for HTTP messages",
            "homepage": "https://github.com/php-fig/http-message",
            "keywords": [
                "http",
                "http-message",
                "psr",
                "psr-7",
                "request",
                "response"
            ],
            "support": {
                "source": "https://github.com/php-fig/http-message/tree/2.0"
            },
            "time": "2023-04-04T09:54:51+00:00"
        },
        {
            "name": "razorpay/razorpay",
            "version": "2.8.7",
            "source": {
                "type": "git",
                "url": "https://github.com/razorpay/razorpay-php.git",
                "reference": "2180c8c3c39678623f5cb8f639c39a706de14c44"
            },
            "dist": {
                "type": "zip",
                "url": "https://api.github.com/repos/razorpay/razorpay-php/zipball/2180c8c3c39678623f5cb8f639c39a706de14c44",
                "reference": "2180c8c3c39678623f5cb8f639c39a706de14c44",
                "shasum": ""
            },
            "require": {
                "ext-json": "*",
                "php": ">=7.3",
                "rmccue/requests": "^2.0"
            },
            "require-dev": {
                "phpunit/phpunit": "^9",
                "raveren/kint": "1.*"
            },
            "type": "library",
            "autoload": {
                "files": [
                    "Deprecated.php"
                ],
                "psr-4": {
                    "Razorpay\\Api\\": "src/",
                    "Razorpay\\Tests\\": "tests/"
                }
            },
            "notification-url": "https://packagist.org/downloads/",
            "license": [
                "MIT"
            ],
            "authors": [
                {
                    "name": "Abhay Rana",
                    "email": "nemo@razorpay.com",
                    "homepage": "https://captnemo.in",
                    "role": "Developer"
                },
                {
                    "name": "Shashank Kumar",
                    "email": "shashank@razorpay.com",
                    "role": "Developer"
                }
            ],
            "description": "Razorpay PHP Client Library",
            "homepage": "https://docs.razorpay.com",
            "keywords": [
                "api",
                "client",
                "php",
                "razorpay"
            ],
            "support": {
                "email": "contact@razorpay.com",
                "issues": "https://github.com/Razorpay/razorpay-php/issues",
                "source": "https://github.com/Razorpay/razorpay-php"
            },
            "time": "2023-09-11T08:31:26+00:00"
        },
        {
            "name": "rmccue/requests",
            "version": "v2.0.8",
            "source": {
                "type": "git",
                "url": "https://github.com/WordPress/Requests.git",
                "reference": "fae75bcb83d9d00d0e31ee86a472a036f9f91519"
            },
            "dist": {
                "type": "zip",
                "url": "https://api.github.com/repos/WordPress/Requests/zipball/fae75bcb83d9d00d0e31ee86a472a036f9f91519",
                "reference": "fae75bcb83d9d00d0e31ee86a472a036f9f91519",
                "shasum": ""
            },
            "require": {
                "ext-json": "*",
                "php": ">=5.6"
            },
            "require-dev": {
                "dealerdirect/phpcodesniffer-composer-installer": "^0.7",
                "php-parallel-lint/php-console-highlighter": "^0.5.0",
                "php-parallel-lint/php-parallel-lint": "^1.3.1",
                "phpcompatibility/php-compatibility": "^9.0",
                "requests/test-server": "dev-main",
                "roave/security-advisories": "dev-latest",
                "squizlabs/php_codesniffer": "^3.6",
                "wp-coding-standards/wpcs": "^2.0",
                "yoast/phpunit-polyfills": "^1.0.0"
            },
            "suggest": {
                "art4/requests-psr18-adapter": "For using Requests as a PSR-18 HTTP Client",
                "ext-curl": "For improved performance",
                "ext-openssl": "For secure transport support",
                "ext-zlib": "For improved performance when decompressing encoded streams"
            },
            "type": "library",
            "autoload": {
                "files": [
                    "library/Deprecated.php"
                ],
                "psr-4": {
                    "WpOrg\\Requests\\": "src/"
                },
                "classmap": [
                    "library/Requests.php"
                ]
            },
            "notification-url": "https://packagist.org/downloads/",
            "license": [
                "ISC"
            ],
            "authors": [
                {
                    "name": "Ryan McCue",
                    "homepage": "https://rmccue.io/"
                },
                {
                    "name": "Alain Schlesser",
                    "homepage": "https://github.com/schlessera"
                },
                {
                    "name": "Juliette Reinders Folmer",
                    "homepage": "https://github.com/jrfnl"
                },
                {
                    "name": "Contributors",
                    "homepage": "https://github.com/WordPress/Requests/graphs/contributors"
                }
            ],
            "description": "A HTTP library written in PHP, for human beings.",
            "homepage": "https://requests.ryanmccue.info/",
            "keywords": [
                "curl",
                "fsockopen",
                "http",
                "idna",
                "ipv6",
                "iri",
                "sockets"
            ],
            "support": {
                "docs": "https://requests.ryanmccue.info/",
                "issues": "https://github.com/WordPress/Requests/issues",
                "source": "https://github.com/WordPress/Requests"
            },
            "time": "2023-09-11T08:27:57+00:00"
        }
    ],
    "packages-dev": [],
    "aliases": [],
    "minimum-stability": "stable",
    "stability-flags": [],
    "prefer-stable": false,
    "prefer-lowest": false,
    "platform": [],
    "platform-dev": [],
    "plugin-api-version": "2.6.0"
}
